// !$*UTF8*$!
{
	archiveVersion = 1;
	classes = {
	};
	objectVersion = 52;
	objects = {

/* Begin PBXBuildFile section */
		9D7153CF243D22CC00C8E6C0 /* CentralManager.swift in Sources */ = {isa = PBXBuildFile; fileRef = 9D7153CE243D22CC00C8E6C0 /* CentralManager.swift */; };
		9D7153D2243D230700C8E6C0 /* Peripheral.swift in Sources */ = {isa = PBXBuildFile; fileRef = 9D7153D1243D230700C8E6C0 /* Peripheral.swift */; };
		9D7153D4243D268B00C8E6C0 /* CentralManagerDelegate.swift in Sources */ = {isa = PBXBuildFile; fileRef = 9D7153D3243D268B00C8E6C0 /* CentralManagerDelegate.swift */; };
		9DDD71C2244377EB009B6664 /* BlockPublisher.swift in Sources */ = {isa = PBXBuildFile; fileRef = 9DDD71C1244377EB009B6664 /* BlockPublisher.swift */; };
		9DDD71C92443CB45009B6664 /* BlockPublisherTests.swift in Sources */ = {isa = PBXBuildFile; fileRef = 9DDD71C72443CB16009B6664 /* BlockPublisherTests.swift */; };
		B513F1B7241195A600824A29 /* CombineBluetoothKit.framework in Frameworks */ = {isa = PBXBuildFile; fileRef = B513F1AD241195A500824A29 /* CombineBluetoothKit.framework */; };
		B513F1BE241195A600824A29 /* CombineBluetoothKit.h in Headers */ = {isa = PBXBuildFile; fileRef = B513F1B0241195A500824A29 /* CombineBluetoothKit.h */; settings = {ATTRIBUTES = (Public, ); }; };
		B5AD3AD02416E24700BD5E98 /* ManagerTests.swift in Sources */ = {isa = PBXBuildFile; fileRef = B5AD3ACF2416E24700BD5E98 /* ManagerTests.swift */; };
		B5AD3AD32416E4C700BD5E98 /* ManagerStub.swift in Sources */ = {isa = PBXBuildFile; fileRef = B5AD3AD22416E4C700BD5E98 /* ManagerStub.swift */; };
		B5CED23D241197F300B09E8C /* ManagerState.swift in Sources */ = {isa = PBXBuildFile; fileRef = B5CED23C241197F300B09E8C /* ManagerState.swift */; };
		B5CED2632413E93D00B09E8C /* StubBehavior.swift in Sources */ = {isa = PBXBuildFile; fileRef = B5CED2622413E93D00B09E8C /* StubBehavior.swift */; };
		B5CED2652415192E00B09E8C /* TimeoutStrategy.swift in Sources */ = {isa = PBXBuildFile; fileRef = B5CED2642415192E00B09E8C /* TimeoutStrategy.swift */; };
		B5CED2682415264700B09E8C /* Logging in Frameworks */ = {isa = PBXBuildFile; productRef = B5CED2672415264700B09E8C /* Logging */; };
		B5CED26A24152C9400B09E8C /* Manager.swift in Sources */ = {isa = PBXBuildFile; fileRef = B5CED26924152C9400B09E8C /* Manager.swift */; };
		B5CED26C2415403000B09E8C /* BluetoothError.swift in Sources */ = {isa = PBXBuildFile; fileRef = B5CED26B2415403000B09E8C /* BluetoothError.swift */; };
/* End PBXBuildFile section */

/* Begin PBXContainerItemProxy section */
		B513F1B8241195A600824A29 /* PBXContainerItemProxy */ = {
			isa = PBXContainerItemProxy;
			containerPortal = B513F1A4241195A500824A29 /* Project object */;
			proxyType = 1;
			remoteGlobalIDString = B513F1AC241195A500824A29;
			remoteInfo = CombineBluetoothKit;
		};
/* End PBXContainerItemProxy section */

/* Begin PBXFileReference section */
		9D7153CE243D22CC00C8E6C0 /* CentralManager.swift */ = {isa = PBXFileReference; lastKnownFileType = sourcecode.swift; path = CentralManager.swift; sourceTree = "<group>"; };
		9D7153D1243D230700C8E6C0 /* Peripheral.swift */ = {isa = PBXFileReference; lastKnownFileType = sourcecode.swift; path = Peripheral.swift; sourceTree = "<group>"; };
		9D7153D3243D268B00C8E6C0 /* CentralManagerDelegate.swift */ = {isa = PBXFileReference; lastKnownFileType = sourcecode.swift; path = CentralManagerDelegate.swift; sourceTree = "<group>"; };
		9DDD71C1244377EB009B6664 /* BlockPublisher.swift */ = {isa = PBXFileReference; lastKnownFileType = sourcecode.swift; path = BlockPublisher.swift; sourceTree = "<group>"; };
		9DDD71C72443CB16009B6664 /* BlockPublisherTests.swift */ = {isa = PBXFileReference; lastKnownFileType = sourcecode.swift; path = BlockPublisherTests.swift; sourceTree = "<group>"; };
		B513F1AD241195A500824A29 /* CombineBluetoothKit.framework */ = {isa = PBXFileReference; explicitFileType = wrapper.framework; includeInIndex = 0; path = CombineBluetoothKit.framework; sourceTree = BUILT_PRODUCTS_DIR; };
		B513F1B0241195A500824A29 /* CombineBluetoothKit.h */ = {isa = PBXFileReference; lastKnownFileType = sourcecode.c.h; path = CombineBluetoothKit.h; sourceTree = "<group>"; };
		B513F1B1241195A500824A29 /* Info.plist */ = {isa = PBXFileReference; lastKnownFileType = text.plist.xml; path = Info.plist; sourceTree = "<group>"; };
		B513F1B6241195A600824A29 /* CombineBluetoothKitTests.xctest */ = {isa = PBXFileReference; explicitFileType = wrapper.cfbundle; includeInIndex = 0; path = CombineBluetoothKitTests.xctest; sourceTree = BUILT_PRODUCTS_DIR; };
		B513F1BD241195A600824A29 /* Info.plist */ = {isa = PBXFileReference; lastKnownFileType = text.plist.xml; path = Info.plist; sourceTree = "<group>"; };
		B5AD3ACF2416E24700BD5E98 /* ManagerTests.swift */ = {isa = PBXFileReference; lastKnownFileType = sourcecode.swift; path = ManagerTests.swift; sourceTree = "<group>"; };
		B5AD3AD22416E4C700BD5E98 /* ManagerStub.swift */ = {isa = PBXFileReference; lastKnownFileType = sourcecode.swift; path = ManagerStub.swift; sourceTree = "<group>"; };
		B5CED23C241197F300B09E8C /* ManagerState.swift */ = {isa = PBXFileReference; lastKnownFileType = sourcecode.swift; path = ManagerState.swift; sourceTree = "<group>"; };
		B5CED2622413E93D00B09E8C /* StubBehavior.swift */ = {isa = PBXFileReference; lastKnownFileType = sourcecode.swift; path = StubBehavior.swift; sourceTree = "<group>"; };
		B5CED2642415192E00B09E8C /* TimeoutStrategy.swift */ = {isa = PBXFileReference; lastKnownFileType = sourcecode.swift; path = TimeoutStrategy.swift; sourceTree = "<group>"; };
		B5CED26924152C9400B09E8C /* Manager.swift */ = {isa = PBXFileReference; lastKnownFileType = sourcecode.swift; path = Manager.swift; sourceTree = "<group>"; };
		B5CED26B2415403000B09E8C /* BluetoothError.swift */ = {isa = PBXFileReference; lastKnownFileType = sourcecode.swift; path = BluetoothError.swift; sourceTree = "<group>"; };
/* End PBXFileReference section */

/* Begin PBXFrameworksBuildPhase section */
		B513F1AA241195A500824A29 /* Frameworks */ = {
			isa = PBXFrameworksBuildPhase;
			buildActionMask = 2147483647;
			files = (
				B5CED2682415264700B09E8C /* Logging in Frameworks */,
			);
			runOnlyForDeploymentPostprocessing = 0;
		};
		B513F1B3241195A600824A29 /* Frameworks */ = {
			isa = PBXFrameworksBuildPhase;
			buildActionMask = 2147483647;
			files = (
				B513F1B7241195A600824A29 /* CombineBluetoothKit.framework in Frameworks */,
			);
			runOnlyForDeploymentPostprocessing = 0;
		};
/* End PBXFrameworksBuildPhase section */

/* Begin PBXGroup section */
		9D7153CD243D22B700C8E6C0 /* CentralManager */ = {
			isa = PBXGroup;
			children = (
				9D7153CE243D22CC00C8E6C0 /* CentralManager.swift */,
				9D7153D3243D268B00C8E6C0 /* CentralManagerDelegate.swift */,
			);
			path = CentralManager;
			sourceTree = "<group>";
		};
		9D7153D0243D22F900C8E6C0 /* Peripheral */ = {
			isa = PBXGroup;
			children = (
				9D7153D1243D230700C8E6C0 /* Peripheral.swift */,
			);
			path = Peripheral;
			sourceTree = "<group>";
		};
		9DDD71C0244377E1009B6664 /* Publishers */ = {
			isa = PBXGroup;
			children = (
				9DDD71C1244377EB009B6664 /* BlockPublisher.swift */,
			);
			path = Publishers;
			sourceTree = "<group>";
		};
		9DDD71C62443CB04009B6664 /* Publishers */ = {
			isa = PBXGroup;
			children = (
				9DDD71C72443CB16009B6664 /* BlockPublisherTests.swift */,
			);
			path = Publishers;
			sourceTree = "<group>";
		};
		B513F1A3241195A500824A29 = {
			isa = PBXGroup;
			children = (
				B513F1AF241195A500824A29 /* Sources */,
				B513F1BA241195A600824A29 /* Tests */,
				B513F1AE241195A500824A29 /* Products */,
			);
			sourceTree = "<group>";
		};
		B513F1AE241195A500824A29 /* Products */ = {
			isa = PBXGroup;
			children = (
				B513F1AD241195A500824A29 /* CombineBluetoothKit.framework */,
				B513F1B6241195A600824A29 /* CombineBluetoothKitTests.xctest */,
			);
			name = Products;
			sourceTree = "<group>";
		};
		B513F1AF241195A500824A29 /* Sources */ = {
			isa = PBXGroup;
			children = (
				9DDD71C0244377E1009B6664 /* Publishers */,
				9D7153D0243D22F900C8E6C0 /* Peripheral */,
				9D7153CD243D22B700C8E6C0 /* CentralManager */,
				B5CED23B241197C300B09E8C /* Manager */,
				B513F1B0241195A500824A29 /* CombineBluetoothKit.h */,
				B513F1B1241195A500824A29 /* Info.plist */,
				B5CED2622413E93D00B09E8C /* StubBehavior.swift */,
				B5CED2642415192E00B09E8C /* TimeoutStrategy.swift */,
				B5CED26B2415403000B09E8C /* BluetoothError.swift */,
			);
			path = Sources;
			sourceTree = "<group>";
		};
		B513F1BA241195A600824A29 /* Tests */ = {
			isa = PBXGroup;
			children = (
				9DDD71C62443CB04009B6664 /* Publishers */,
				B5AD3AD12416E4BD00BD5E98 /* Stubs */,
				B5AD3ACF2416E24700BD5E98 /* ManagerTests.swift */,
				B513F1BD241195A600824A29 /* Info.plist */,
			);
			path = Tests;
			sourceTree = "<group>";
		};
		B5AD3AD12416E4BD00BD5E98 /* Stubs */ = {
			isa = PBXGroup;
			children = (
				B5AD3AD22416E4C700BD5E98 /* ManagerStub.swift */,
			);
			path = Stubs;
			sourceTree = "<group>";
		};
		B5CED23B241197C300B09E8C /* Manager */ = {
			isa = PBXGroup;
			children = (
				B5CED23C241197F300B09E8C /* ManagerState.swift */,
				B5CED26924152C9400B09E8C /* Manager.swift */,
			);
			path = Manager;
			sourceTree = "<group>";
		};
/* End PBXGroup section */

/* Begin PBXHeadersBuildPhase section */
		B513F1A8241195A500824A29 /* Headers */ = {
			isa = PBXHeadersBuildPhase;
			buildActionMask = 2147483647;
			files = (
				B513F1BE241195A600824A29 /* CombineBluetoothKit.h in Headers */,
			);
			runOnlyForDeploymentPostprocessing = 0;
		};
/* End PBXHeadersBuildPhase section */

/* Begin PBXNativeTarget section */
		B513F1AC241195A500824A29 /* CombineBluetoothKit */ = {
			isa = PBXNativeTarget;
			buildConfigurationList = B513F1C1241195A600824A29 /* Build configuration list for PBXNativeTarget "CombineBluetoothKit" */;
			buildPhases = (
				B513F1A8241195A500824A29 /* Headers */,
				B513F1A9241195A500824A29 /* Sources */,
				B513F1AA241195A500824A29 /* Frameworks */,
				B513F1AB241195A500824A29 /* Resources */,
			);
			buildRules = (
			);
			dependencies = (
			);
			name = CombineBluetoothKit;
			packageProductDependencies = (
				B5CED2672415264700B09E8C /* Logging */,
			);
			productName = CombineBluetoothKit;
			productReference = B513F1AD241195A500824A29 /* CombineBluetoothKit.framework */;
			productType = "com.apple.product-type.framework";
		};
		B513F1B5241195A600824A29 /* CombineBluetoothKitTests */ = {
			isa = PBXNativeTarget;
			buildConfigurationList = B513F1C4241195A600824A29 /* Build configuration list for PBXNativeTarget "CombineBluetoothKitTests" */;
			buildPhases = (
				B513F1B2241195A600824A29 /* Sources */,
				B513F1B3241195A600824A29 /* Frameworks */,
				B513F1B4241195A600824A29 /* Resources */,
			);
			buildRules = (
			);
			dependencies = (
				B513F1B9241195A600824A29 /* PBXTargetDependency */,
			);
			name = CombineBluetoothKitTests;
			productName = CombineBluetoothKitTests;
			productReference = B513F1B6241195A600824A29 /* CombineBluetoothKitTests.xctest */;
			productType = "com.apple.product-type.bundle.unit-test";
		};
/* End PBXNativeTarget section */

/* Begin PBXProject section */
		B513F1A4241195A500824A29 /* Project object */ = {
			isa = PBXProject;
			attributes = {
				LastSwiftUpdateCheck = 1130;
				LastUpgradeCheck = 1130;
				ORGANIZATIONNAME = "Rafał Małczyński";
				TargetAttributes = {
					B513F1AC241195A500824A29 = {
						CreatedOnToolsVersion = 11.3;
						LastSwiftMigration = 1130;
					};
					B513F1B5241195A600824A29 = {
						CreatedOnToolsVersion = 11.3;
					};
				};
			};
			buildConfigurationList = B513F1A7241195A500824A29 /* Build configuration list for PBXProject "CombineBluetoothKit" */;
			compatibilityVersion = "Xcode 9.3";
			developmentRegion = en;
			hasScannedForEncodings = 0;
			knownRegions = (
				en,
				Base,
			);
			mainGroup = B513F1A3241195A500824A29;
			packageReferences = (
				B5CED2662415264700B09E8C /* XCRemoteSwiftPackageReference "swift-log" */,
			);
			productRefGroup = B513F1AE241195A500824A29 /* Products */;
			projectDirPath = "";
			projectRoot = "";
			targets = (
				B513F1AC241195A500824A29 /* CombineBluetoothKit */,
				B513F1B5241195A600824A29 /* CombineBluetoothKitTests */,
			);
		};
/* End PBXProject section */

/* Begin PBXResourcesBuildPhase section */
		B513F1AB241195A500824A29 /* Resources */ = {
			isa = PBXResourcesBuildPhase;
			buildActionMask = 2147483647;
			files = (
			);
			runOnlyForDeploymentPostprocessing = 0;
		};
		B513F1B4241195A600824A29 /* Resources */ = {
			isa = PBXResourcesBuildPhase;
			buildActionMask = 2147483647;
			files = (
			);
			runOnlyForDeploymentPostprocessing = 0;
		};
/* End PBXResourcesBuildPhase section */

/* Begin PBXSourcesBuildPhase section */
		B513F1A9241195A500824A29 /* Sources */ = {
			isa = PBXSourcesBuildPhase;
			buildActionMask = 2147483647;
			files = (
				B5CED23D241197F300B09E8C /* ManagerState.swift in Sources */,
				9D7153D2243D230700C8E6C0 /* Peripheral.swift in Sources */,
				B5CED2652415192E00B09E8C /* TimeoutStrategy.swift in Sources */,
				B5CED26C2415403000B09E8C /* BluetoothError.swift in Sources */,
				B5CED2632413E93D00B09E8C /* StubBehavior.swift in Sources */,
				9DDD71C2244377EB009B6664 /* BlockPublisher.swift in Sources */,
				B5CED26A24152C9400B09E8C /* Manager.swift in Sources */,
				9D7153D4243D268B00C8E6C0 /* CentralManagerDelegate.swift in Sources */,
				9D7153CF243D22CC00C8E6C0 /* CentralManager.swift in Sources */,
			);
			runOnlyForDeploymentPostprocessing = 0;
		};
		B513F1B2241195A600824A29 /* Sources */ = {
			isa = PBXSourcesBuildPhase;
			buildActionMask = 2147483647;
			files = (
				9DDD71C92443CB45009B6664 /* BlockPublisherTests.swift in Sources */,
				B5AD3AD02416E24700BD5E98 /* ManagerTests.swift in Sources */,
				B5AD3AD32416E4C700BD5E98 /* ManagerStub.swift in Sources */,
			);
			runOnlyForDeploymentPostprocessing = 0;
		};
/* End PBXSourcesBuildPhase section */

/* Begin PBXTargetDependency section */
		B513F1B9241195A600824A29 /* PBXTargetDependency */ = {
			isa = PBXTargetDependency;
			target = B513F1AC241195A500824A29 /* CombineBluetoothKit */;
			targetProxy = B513F1B8241195A600824A29 /* PBXContainerItemProxy */;
		};
/* End PBXTargetDependency section */

/* Begin XCBuildConfiguration section */
		B513F1BF241195A600824A29 /* Debug */ = {
			isa = XCBuildConfiguration;
			buildSettings = {
				ALWAYS_SEARCH_USER_PATHS = NO;
				CLANG_ANALYZER_NONNULL = YES;
				CLANG_ANALYZER_NUMBER_OBJECT_CONVERSION = YES_AGGRESSIVE;
				CLANG_CXX_LANGUAGE_STANDARD = "gnu++14";
				CLANG_CXX_LIBRARY = "libc++";
				CLANG_ENABLE_MODULES = YES;
				CLANG_ENABLE_OBJC_ARC = YES;
				CLANG_ENABLE_OBJC_WEAK = YES;
				CLANG_WARN_BLOCK_CAPTURE_AUTORELEASING = YES;
				CLANG_WARN_BOOL_CONVERSION = YES;
				CLANG_WARN_COMMA = YES;
				CLANG_WARN_CONSTANT_CONVERSION = YES;
				CLANG_WARN_DEPRECATED_OBJC_IMPLEMENTATIONS = YES;
				CLANG_WARN_DIRECT_OBJC_ISA_USAGE = YES_ERROR;
				CLANG_WARN_DOCUMENTATION_COMMENTS = YES;
				CLANG_WARN_EMPTY_BODY = YES;
				CLANG_WARN_ENUM_CONVERSION = YES;
				CLANG_WARN_INFINITE_RECURSION = YES;
				CLANG_WARN_INT_CONVERSION = YES;
				CLANG_WARN_NON_LITERAL_NULL_CONVERSION = YES;
				CLANG_WARN_OBJC_IMPLICIT_RETAIN_SELF = YES;
				CLANG_WARN_OBJC_LITERAL_CONVERSION = YES;
				CLANG_WARN_OBJC_ROOT_CLASS = YES_ERROR;
				CLANG_WARN_RANGE_LOOP_ANALYSIS = YES;
				CLANG_WARN_STRICT_PROTOTYPES = YES;
				CLANG_WARN_SUSPICIOUS_MOVE = YES;
				CLANG_WARN_UNGUARDED_AVAILABILITY = YES_AGGRESSIVE;
				CLANG_WARN_UNREACHABLE_CODE = YES;
				CLANG_WARN__DUPLICATE_METHOD_MATCH = YES;
				COPY_PHASE_STRIP = NO;
				CURRENT_PROJECT_VERSION = 1;
				DEBUG_INFORMATION_FORMAT = dwarf;
				ENABLE_STRICT_OBJC_MSGSEND = YES;
				ENABLE_TESTABILITY = YES;
				GCC_C_LANGUAGE_STANDARD = gnu11;
				GCC_DYNAMIC_NO_PIC = NO;
				GCC_NO_COMMON_BLOCKS = YES;
				GCC_OPTIMIZATION_LEVEL = 0;
				GCC_PREPROCESSOR_DEFINITIONS = (
					"DEBUG=1",
					"$(inherited)",
				);
				GCC_WARN_64_TO_32_BIT_CONVERSION = YES;
				GCC_WARN_ABOUT_RETURN_TYPE = YES_ERROR;
				GCC_WARN_UNDECLARED_SELECTOR = YES;
				GCC_WARN_UNINITIALIZED_AUTOS = YES_AGGRESSIVE;
				GCC_WARN_UNUSED_FUNCTION = YES;
				GCC_WARN_UNUSED_VARIABLE = YES;
				IPHONEOS_DEPLOYMENT_TARGET = 13.2;
				MTL_ENABLE_DEBUG_INFO = INCLUDE_SOURCE;
				MTL_FAST_MATH = YES;
				ONLY_ACTIVE_ARCH = YES;
				SDKROOT = iphoneos;
				SWIFT_ACTIVE_COMPILATION_CONDITIONS = DEBUG;
				SWIFT_OPTIMIZATION_LEVEL = "-Onone";
				VERSIONING_SYSTEM = "apple-generic";
				VERSION_INFO_PREFIX = "";
			};
			name = Debug;
		};
		B513F1C0241195A600824A29 /* Release */ = {
			isa = XCBuildConfiguration;
			buildSettings = {
				ALWAYS_SEARCH_USER_PATHS = NO;
				CLANG_ANALYZER_NONNULL = YES;
				CLANG_ANALYZER_NUMBER_OBJECT_CONVERSION = YES_AGGRESSIVE;
				CLANG_CXX_LANGUAGE_STANDARD = "gnu++14";
				CLANG_CXX_LIBRARY = "libc++";
				CLANG_ENABLE_MODULES = YES;
				CLANG_ENABLE_OBJC_ARC = YES;
				CLANG_ENABLE_OBJC_WEAK = YES;
				CLANG_WARN_BLOCK_CAPTURE_AUTORELEASING = YES;
				CLANG_WARN_BOOL_CONVERSION = YES;
				CLANG_WARN_COMMA = YES;
				CLANG_WARN_CONSTANT_CONVERSION = YES;
				CLANG_WARN_DEPRECATED_OBJC_IMPLEMENTATIONS = YES;
				CLANG_WARN_DIRECT_OBJC_ISA_USAGE = YES_ERROR;
				CLANG_WARN_DOCUMENTATION_COMMENTS = YES;
				CLANG_WARN_EMPTY_BODY = YES;
				CLANG_WARN_ENUM_CONVERSION = YES;
				CLANG_WARN_INFINITE_RECURSION = YES;
				CLANG_WARN_INT_CONVERSION = YES;
				CLANG_WARN_NON_LITERAL_NULL_CONVERSION = YES;
				CLANG_WARN_OBJC_IMPLICIT_RETAIN_SELF = YES;
				CLANG_WARN_OBJC_LITERAL_CONVERSION = YES;
				CLANG_WARN_OBJC_ROOT_CLASS = YES_ERROR;
				CLANG_WARN_RANGE_LOOP_ANALYSIS = YES;
				CLANG_WARN_STRICT_PROTOTYPES = YES;
				CLANG_WARN_SUSPICIOUS_MOVE = YES;
				CLANG_WARN_UNGUARDED_AVAILABILITY = YES_AGGRESSIVE;
				CLANG_WARN_UNREACHABLE_CODE = YES;
				CLANG_WARN__DUPLICATE_METHOD_MATCH = YES;
				COPY_PHASE_STRIP = NO;
				CURRENT_PROJECT_VERSION = 1;
				DEBUG_INFORMATION_FORMAT = "dwarf-with-dsym";
				ENABLE_NS_ASSERTIONS = NO;
				ENABLE_STRICT_OBJC_MSGSEND = YES;
				GCC_C_LANGUAGE_STANDARD = gnu11;
				GCC_NO_COMMON_BLOCKS = YES;
				GCC_WARN_64_TO_32_BIT_CONVERSION = YES;
				GCC_WARN_ABOUT_RETURN_TYPE = YES_ERROR;
				GCC_WARN_UNDECLARED_SELECTOR = YES;
				GCC_WARN_UNINITIALIZED_AUTOS = YES_AGGRESSIVE;
				GCC_WARN_UNUSED_FUNCTION = YES;
				GCC_WARN_UNUSED_VARIABLE = YES;
				IPHONEOS_DEPLOYMENT_TARGET = 13.2;
				MTL_ENABLE_DEBUG_INFO = NO;
				MTL_FAST_MATH = YES;
				SDKROOT = iphoneos;
				SWIFT_COMPILATION_MODE = wholemodule;
				SWIFT_OPTIMIZATION_LEVEL = "-O";
				VALIDATE_PRODUCT = YES;
				VERSIONING_SYSTEM = "apple-generic";
				VERSION_INFO_PREFIX = "";
			};
			name = Release;
		};
		B513F1C2241195A600824A29 /* Debug */ = {
			isa = XCBuildConfiguration;
			buildSettings = {
				CLANG_ENABLE_MODULES = YES;
				CODE_SIGN_STYLE = Automatic;
				DEFINES_MODULE = YES;
				DEVELOPMENT_TEAM = QZ7GPNNM9G;
				DYLIB_COMPATIBILITY_VERSION = 1;
				DYLIB_CURRENT_VERSION = 1;
				DYLIB_INSTALL_NAME_BASE = "@rpath";
				INFOPLIST_FILE = Sources/Info.plist;
				INSTALL_PATH = "$(LOCAL_LIBRARY_DIR)/Frameworks";
				IPHONEOS_DEPLOYMENT_TARGET = 13.0;
				LD_RUNPATH_SEARCH_PATHS = (
					"$(inherited)",
					"@executable_path/Frameworks",
					"@loader_path/Frameworks",
				);
				PRODUCT_BUNDLE_IDENTIFIER = com.rmalczynski.CombineBluetoothKit;
				PRODUCT_NAME = "$(TARGET_NAME:c99extidentifier)";
				SKIP_INSTALL = YES;
				SWIFT_OPTIMIZATION_LEVEL = "-Onone";
				SWIFT_VERSION = 5.0;
				TARGETED_DEVICE_FAMILY = "1,2";
			};
			name = Debug;
		};
		B513F1C3241195A600824A29 /* Release */ = {
			isa = XCBuildConfiguration;
			buildSettings = {
				CLANG_ENABLE_MODULES = YES;
				CODE_SIGN_STYLE = Automatic;
				DEFINES_MODULE = YES;
				DEVELOPMENT_TEAM = QZ7GPNNM9G;
				DYLIB_COMPATIBILITY_VERSION = 1;
				DYLIB_CURRENT_VERSION = 1;
				DYLIB_INSTALL_NAME_BASE = "@rpath";
				INFOPLIST_FILE = Sources/Info.plist;
				INSTALL_PATH = "$(LOCAL_LIBRARY_DIR)/Frameworks";
				IPHONEOS_DEPLOYMENT_TARGET = 13.0;
				LD_RUNPATH_SEARCH_PATHS = (
					"$(inherited)",
					"@executable_path/Frameworks",
					"@loader_path/Frameworks",
				);
				PRODUCT_BUNDLE_IDENTIFIER = com.rmalczynski.CombineBluetoothKit;
				PRODUCT_NAME = "$(TARGET_NAME:c99extidentifier)";
				SKIP_INSTALL = YES;
				SWIFT_VERSION = 5.0;
				TARGETED_DEVICE_FAMILY = "1,2";
			};
			name = Release;
		};
		B513F1C5241195A600824A29 /* Debug */ = {
			isa = XCBuildConfiguration;
			buildSettings = {
				ALWAYS_EMBED_SWIFT_STANDARD_LIBRARIES = YES;
				CODE_SIGN_STYLE = Automatic;
				DEVELOPMENT_TEAM = QZ7GPNNM9G;
				INFOPLIST_FILE = Tests/Info.plist;
				LD_RUNPATH_SEARCH_PATHS = (
					"$(inherited)",
					"@executable_path/Frameworks",
					"@loader_path/Frameworks",
				);
				PRODUCT_BUNDLE_IDENTIFIER = com.rmalczynski.CombineBluetoothKitTests;
				PRODUCT_NAME = "$(TARGET_NAME)";
				SWIFT_VERSION = 5.0;
				TARGETED_DEVICE_FAMILY = "1,2";
			};
			name = Debug;
		};
		B513F1C6241195A600824A29 /* Release */ = {
			isa = XCBuildConfiguration;
			buildSettings = {
				ALWAYS_EMBED_SWIFT_STANDARD_LIBRARIES = YES;
				CODE_SIGN_STYLE = Automatic;
				DEVELOPMENT_TEAM = QZ7GPNNM9G;
				INFOPLIST_FILE = Tests/Info.plist;
				LD_RUNPATH_SEARCH_PATHS = (
					"$(inherited)",
					"@executable_path/Frameworks",
					"@loader_path/Frameworks",
				);
				PRODUCT_BUNDLE_IDENTIFIER = com.rmalczynski.CombineBluetoothKitTests;
				PRODUCT_NAME = "$(TARGET_NAME)";
				SWIFT_VERSION = 5.0;
				TARGETED_DEVICE_FAMILY = "1,2";
			};
			name = Release;
		};
/* End XCBuildConfiguration section */

/* Begin XCConfigurationList section */
		B513F1A7241195A500824A29 /* Build configuration list for PBXProject "CombineBluetoothKit" */ = {
			isa = XCConfigurationList;
			buildConfigurations = (
				B513F1BF241195A600824A29 /* Debug */,
				B513F1C0241195A600824A29 /* Release */,
			);
			defaultConfigurationIsVisible = 0;
			defaultConfigurationName = Release;
		};
		B513F1C1241195A600824A29 /* Build configuration list for PBXNativeTarget "CombineBluetoothKit" */ = {
			isa = XCConfigurationList;
			buildConfigurations = (
				B513F1C2241195A600824A29 /* Debug */,
				B513F1C3241195A600824A29 /* Release */,
			);
			defaultConfigurationIsVisible = 0;
			defaultConfigurationName = Release;
		};
		B513F1C4241195A600824A29 /* Build configuration list for PBXNativeTarget "CombineBluetoothKitTests" */ = {
			isa = XCConfigurationList;
			buildConfigurations = (
				B513F1C5241195A600824A29 /* Debug */,
				B513F1C6241195A600824A29 /* Release */,
			);
			defaultConfigurationIsVisible = 0;
			defaultConfigurationName = Release;
		};
/* End XCConfigurationList section */

/* Begin XCRemoteSwiftPackageReference section */
		B5CED2662415264700B09E8C /* XCRemoteSwiftPackageReference "swift-log" */ = {
			isa = XCRemoteSwiftPackageReference;
			repositoryURL = "https://github.com/apple/swift-log.git";
			requirement = {
				kind = exactVersion;
				version = 1.2.0;
			};
		};
/* End XCRemoteSwiftPackageReference section */

/* Begin XCSwiftPackageProductDependency section */
		B5CED2672415264700B09E8C /* Logging */ = {
			isa = XCSwiftPackageProductDependency;
			package = B5CED2662415264700B09E8C /* XCRemoteSwiftPackageReference "swift-log" */;
			productName = Logging;
		};
/* End XCSwiftPackageProductDependency section */
	};
	rootObject = B513F1A4241195A500824A29 /* Project object */;
}
